
Microsoft Visual Studio Solution File, Format Version 12.00
# Visual Studio Version 16
VisualStudioVersion = 16.0.31321.278
MinimumVisualStudioVersion = 10.0.40219.1
Project("{FAE04EC0-301F-11D3-BF4B-00C04F79EFBC}") = "Solid", "Solid.csproj", "{BB870492-CCDA-41BC-AA5C-5194166C716D}"
EndProject
Global
	GlobalSection(SolutionConfigurationPlatforms) = preSolution
		Debug|Any CPU = Debug|Any CPU
		Release|Any CPU = Release|Any CPU
	EndGlobalSection
	GlobalSection(ProjectConfigurationPlatforms) = postSolution
		{BB870492-CCDA-41BC-AA5C-5194166C716D}.Debug|Any CPU.ActiveCfg = Debug|Any CPU
		{BB870492-CCDA-41BC-AA5C-5194166C716D}.Debug|Any CPU.Build.0 = Debug|Any CPU
		{BB870492-CCDA-41BC-AA5C-5194166C716D}.Release|Any CPU.ActiveCfg = Release|Any CPU
		{BB870492-CCDA-41BC-AA5C-5194166C716D}.Release|Any CPU.Build.0 = Release|Any CPU
	EndGlobalSection
	GlobalSection(SolutionProperties) = preSolution
		HideSolutionNode = FALSE
	EndGlobalSection
	GlobalSection(ExtensibilityGlobals) = postSolution
		SolutionGuid = {80FD43B2-2F1C-410A-A991-F4A898AE449A}
	EndGlobalSection
EndGlobal
